
Microsoft Visual Studio Solution File, Format Version 12.00
# Visual Studio Version 17
VisualStudioVersion = 17.5.33424.131
MinimumVisualStudioVersion = 10.0.40219.1
Project("{FAE04EC0-301F-11D3-BF4B-00C04F79EFBC}") = "GitDemoApp", "GitDemoApp\GitDemoApp.csproj", "{A55A6D55-A066-4888-8413-FBC660271A88}"
EndProject
Global
	GlobalSection(SolutionConfigurationPlatforms) = preSolution
		Debug|Any CPU = Debug|Any CPU
		Release|Any CPU = Release|Any CPU
	EndGlobalSection
	GlobalSection(ProjectConfigurationPlatforms) = postSolution
		{A55A6D55-A066-4888-8413-FBC660271A88}.Debug|Any CPU.ActiveCfg = Debug|Any CPU
		{A55A6D55-A066-4888-8413-FBC660271A88}.Debug|Any CPU.Build.0 = Debug|Any CPU
		{A55A6D55-A066-4888-8413-FBC660271A88}.Release|Any CPU.ActiveCfg = Release|Any CPU
		{A55A6D55-A066-4888-8413-FBC660271A88}.Release|Any CPU.Build.0 = Release|Any CPU
	EndGlobalSection
	GlobalSection(SolutionProperties) = preSolution
		HideSolutionNode = FALSE
	EndGlobalSection
	GlobalSection(ExtensibilityGlobals) = postSolution
		SolutionGuid = {E05FBE0C-CD35-4F56-9C87-B155DBBCA3CA}
	EndGlobalSection
EndGlobal
